# Generated by buf. DO NOT EDIT.
version: v2
deps:
  - name: buf.build/envoyproxy/protoc-gen-validate
    commit: ea113bc841fa448ab34bf3f9fa6cef0f
    digest: b5:358e1f254e6a707cbbc923c158ead73e2afc8e2fd6bafcaca5f6babef18767a0e50424a7f545404d8237c28ffe633957810160ba41af39e111b0c364a13b6f30
  - name: buf.build/googleapis/googleapis
    commit: 72c8614f3bd0466ea67931ef2c43d608
    digest: b5:13efeea24e633fd45327390bdee941207a8727e96cf01affb84c1e4100fd8f48a42bbd508df11930cd2884629bafad685df1ac3111bc78cdaefcd38c9371c6b1
  - name: buf.build/grpc-ecosystem/grpc-gateway
    commit: b661eb9bddab46c7bdbad4c73161bb11
    digest: b5:64ac6d9f363dfc69d619ee4649a7cbad7081c5ecbd35e5f6f2c982a36d9c663545e8e31a38b51b0d9813ac20e87988b89f00e9bd4fee64a9740ec34ffc5b942f
  - name: buf.build/openfga/api
    commit: 47cab76c95bf4593a28d4fefafb58253
    digest: b5:0d5e42d922f39c2c10613df9feb9cd9bc4b85e69505d04764bed91c4ae0645c6d81a57d7b6be67f71d4a67da46cacdbed06f6698393ee038e0232f65c5a2bd51
